{
  "name": "input",
  "version": "1.0.0",
  "lockfileVersion": 2,
  "requires": true,
  "packages": {
    "": {
      "name": "input",
      "version": "1.0.0",
      "license": "ISC",
      "dependencies": {
        "directory-tree": "^3.0.1"
      }
    },
    "node_modules/directory-tree": {
      "version": "3.0.1",
      "resolved": "https://registry.npmjs.org/directory-tree/-/directory-tree-3.0.1.tgz",
      "integrity": "sha512-IJL5L/zd73xbchfsIKMrhaRJCt28ek1UsS6LNZ6b9r7m+VbU1fd7JZAypn6gl1g4hpxn21QF3/scAWKIOMk4Ug==",
      "engines": {
        "node": ">=10.0"
      }
    }
  },
  "dependencies": {
    "directory-tree": {
      "version": "3.0.1",
      "resolved": "https://registry.npmjs.org/directory-tree/-/directory-tree-3.0.1.tgz",
      "integrity": "sha512-IJL5L/zd73xbchfsIKMrhaRJCt28ek1UsS6LNZ6b9r7m+VbU1fd7JZAypn6gl1g4hpxn21QF3/scAWKIOMk4Ug=="
    }
  }
}
